// !$*UTF8*$!
{
	archiveVersion = 1;
	classes = {
	};
	objectVersion = 46;
	objects = {

/* Begin PBXBuildFile section */
		131780EDF7B132FA71BACA78 /* libopencv_legacy.2.4.10.dylib in Frameworks */ = {isa = PBXBuildFile; fileRef = 131786E4060C927C1F7DDAAB /* libopencv_legacy.2.4.10.dylib */; };
		131781ED40A69D444C9B50D5 /* libopencv_photo.2.4.10.dylib in Frameworks */ = {isa = PBXBuildFile; fileRef = 1317833EF383620F3946CF5A /* libopencv_photo.2.4.10.dylib */; };
		1317823699B4924F20DB96E7 /* libopencv_features2d.2.4.10.dylib in Frameworks */ = {isa = PBXBuildFile; fileRef = 13178CD83B8D5B0EF2458BFC /* libopencv_features2d.2.4.10.dylib */; };
		1317824B866A0D0DC06984E5 /* PointCloud.cpp in Sources */ = {isa = PBXBuildFile; fileRef = 13178DFBA602B97C882BC776 /* PointCloud.cpp */; };
		1317828EC813B636CC4A05C6 /* libopencv_imgproc.2.4.10.dylib in Frameworks */ = {isa = PBXBuildFile; fileRef = 131783C37A4A14149F2FC9F6 /* libopencv_imgproc.2.4.10.dylib */; };
		131783482EBAE15D3F2655A6 /* libopencv_ocl.2.4.10.dylib in Frameworks */ = {isa = PBXBuildFile; fileRef = 1317889B587AD04177801256 /* libopencv_ocl.2.4.10.dylib */; };
		1317842E47CF875C7596B35F /* libopencv_core.2.4.10.dylib in Frameworks */ = {isa = PBXBuildFile; fileRef = 13178227EE8A5E3FC27FF35E /* libopencv_core.2.4.10.dylib */; };
		13178499AA020BBACBFD8903 /* OpenGL.framework in Frameworks */ = {isa = PBXBuildFile; fileRef = 13178CCBAA30001C751223B3 /* OpenGL.framework */; };
		131784ABCD1C43918319B7DF /* libopencv_ml.2.4.10.dylib in Frameworks */ = {isa = PBXBuildFile; fileRef = 13178B97773EF35D25C593D3 /* libopencv_ml.2.4.10.dylib */; };
		131785CB29C70E4290D269B3 /* StereoPair.cpp in Sources */ = {isa = PBXBuildFile; fileRef = 131786939C4940B2128AE628 /* StereoPair.cpp */; };
		13178750EBFA54FB5F717242 /* libopencv_nonfree.2.4.10.dylib in Frameworks */ = {isa = PBXBuildFile; fileRef = 13178DD2A7CD00B16EEFD20D /* libopencv_nonfree.2.4.10.dylib */; };
		13178877846007063140D81C /* libopencv_highgui.2.4.10.dylib in Frameworks */ = {isa = PBXBuildFile; fileRef = 13178DE3AC4F3B46CCEEE552 /* libopencv_highgui.2.4.10.dylib */; };
		13178893DEF0452587F8DEC3 /* libopencv_calib3d.2.4.10.dylib in Frameworks */ = {isa = PBXBuildFile; fileRef = 13178DDF9AB9B32C80D88A39 /* libopencv_calib3d.2.4.10.dylib */; };
		131788F2FCAA8EB4D0F0F535 /* libopencv_contrib.2.4.10.dylib in Frameworks */ = {isa = PBXBuildFile; fileRef = 1317840ED41B1A943F31F6D5 /* libopencv_contrib.2.4.10.dylib */; };
		13178BBB8CDE239A5EBC5483 /* libopencv_stitching.2.4.10.dylib in Frameworks */ = {isa = PBXBuildFile; fileRef = 131783D3FC6C60C7354F6422 /* libopencv_stitching.2.4.10.dylib */; };
		13178C60A609B1E915F670ED /* libopencv_flann.2.4.10.dylib in Frameworks */ = {isa = PBXBuildFile; fileRef = 131784C6537CBE7E4A00DB4E /* libopencv_flann.2.4.10.dylib */; };
		13178D8C3639E8EF623050B1 /* libopencv_objdetect.2.4.10.dylib in Frameworks */ = {isa = PBXBuildFile; fileRef = 13178DCD03BB7159206986F6 /* libopencv_objdetect.2.4.10.dylib */; };
		13178EDE688B824EF01A8063 /* StereoView.cpp in Sources */ = {isa = PBXBuildFile; fileRef = 1317800514EAA199A7935FAE /* StereoView.cpp */; };
		B510BB3E1A81F5F70062920A /* GLUT.framework in Frameworks */ = {isa = PBXBuildFile; fileRef = 131785FA534E7FA73282C0AE /* GLUT.framework */; };
		B510BB401A81F61A0062920A /* libglfw3.a in Frameworks */ = {isa = PBXBuildFile; fileRef = B510BB3F1A81F61A0062920A /* libglfw3.a */; };
		B590979A1A285CAB00F4DABB /* main.cpp in Sources */ = {isa = PBXBuildFile; fileRef = B59097991A285CAB00F4DABB /* main.cpp */; };
		B5E80F181A81F7BE00177B61 /* Cocoa.framework in Frameworks */ = {isa = PBXBuildFile; fileRef = B5E80F171A81F7BE00177B61 /* Cocoa.framework */; };
		B5E80F1A1A81F7DA00177B61 /* IOKit.framework in Frameworks */ = {isa = PBXBuildFile; fileRef = B5E80F191A81F7DA00177B61 /* IOKit.framework */; };
		B5E80F1C1A81F7EA00177B61 /* CoreVideo.framework in Frameworks */ = {isa = PBXBuildFile; fileRef = B5E80F1B1A81F7EA00177B61 /* CoreVideo.framework */; };
		B5F1457F1A2F061700C8AFE5 /* MonoView.cpp in Sources */ = {isa = PBXBuildFile; fileRef = B5F1457D1A2F061700C8AFE5 /* MonoView.cpp */; };
		B5FD3D7A1A823F6900F17E53 /* libGLEW.1.11.0.dylib in Frameworks */ = {isa = PBXBuildFile; fileRef = B5FD3D761A823F6900F17E53 /* libGLEW.1.11.0.dylib */; };
		B5FD3D7B1A823F6900F17E53 /* libGLEW.a in Frameworks */ = {isa = PBXBuildFile; fileRef = B5FD3D771A823F6900F17E53 /* libGLEW.a */; };
		B5FD3D7C1A823F6900F17E53 /* libGLEWmx.1.11.0.dylib in Frameworks */ = {isa = PBXBuildFile; fileRef = B5FD3D781A823F6900F17E53 /* libGLEWmx.1.11.0.dylib */; };
		B5FD3D7D1A823F6900F17E53 /* libGLEWmx.a in Frameworks */ = {isa = PBXBuildFile; fileRef = B5FD3D791A823F6900F17E53 /* libGLEWmx.a */; };
/* End PBXBuildFile section */

/* Begin PBXCopyFilesBuildPhase section */
		B59097941A285CAB00F4DABB /* CopyFiles */ = {
			isa = PBXCopyFilesBuildPhase;
			buildActionMask = 2147483647;
			dstPath = /usr/share/man/man1/;
			dstSubfolderSpec = 0;
			files = (
			);
			runOnlyForDeploymentPostprocessing = 1;
		};
/* End PBXCopyFilesBuildPhase section */

/* Begin PBXFileReference section */
		1317800514EAA199A7935FAE /* StereoView.cpp */ = {isa = PBXFileReference; fileEncoding = 4; lastKnownFileType = sourcecode.cpp.cpp; path = StereoView.cpp; sourceTree = "<group>"; };
		1317812248BE5E7F7ED20634 /* sv.h */ = {isa = PBXFileReference; fileEncoding = 4; lastKnownFileType = sourcecode.c.h; path = sv.h; sourceTree = "<group>"; };
		13178227EE8A5E3FC27FF35E /* libopencv_core.2.4.10.dylib */ = {isa = PBXFileReference; lastKnownFileType = "compiled.mach-o.dylib"; name = libopencv_core.2.4.10.dylib; path = /usr/local/lib/libopencv_core.2.4.10.dylib; sourceTree = "<absolute>"; };
		1317833EF383620F3946CF5A /* libopencv_photo.2.4.10.dylib */ = {isa = PBXFileReference; lastKnownFileType = "compiled.mach-o.dylib"; name = libopencv_photo.2.4.10.dylib; path = /usr/local/lib/libopencv_photo.2.4.10.dylib; sourceTree = "<absolute>"; };
		131783C37A4A14149F2FC9F6 /* libopencv_imgproc.2.4.10.dylib */ = {isa = PBXFileReference; lastKnownFileType = "compiled.mach-o.dylib"; name = libopencv_imgproc.2.4.10.dylib; path = /usr/local/lib/libopencv_imgproc.2.4.10.dylib; sourceTree = "<absolute>"; };
		131783D3FC6C60C7354F6422 /* libopencv_stitching.2.4.10.dylib */ = {isa = PBXFileReference; lastKnownFileType = "compiled.mach-o.dylib"; name = libopencv_stitching.2.4.10.dylib; path = /usr/local/lib/libopencv_stitching.2.4.10.dylib; sourceTree = "<absolute>"; };
		1317840ED41B1A943F31F6D5 /* libopencv_contrib.2.4.10.dylib */ = {isa = PBXFileReference; lastKnownFileType = "compiled.mach-o.dylib"; name = libopencv_contrib.2.4.10.dylib; path = /usr/local/lib/libopencv_contrib.2.4.10.dylib; sourceTree = "<absolute>"; };
		131784C6537CBE7E4A00DB4E /* libopencv_flann.2.4.10.dylib */ = {isa = PBXFileReference; lastKnownFileType = "compiled.mach-o.dylib"; name = libopencv_flann.2.4.10.dylib; path = /usr/local/lib/libopencv_flann.2.4.10.dylib; sourceTree = "<absolute>"; };
		131784F7015BBC55FA2A6B79 /* PointCloud.h */ = {isa = PBXFileReference; fileEncoding = 4; lastKnownFileType = sourcecode.c.h; path = PointCloud.h; sourceTree = "<group>"; };
		131785FA534E7FA73282C0AE /* GLUT.framework */ = {isa = PBXFileReference; lastKnownFileType = wrapper.framework; name = GLUT.framework; path = System/Library/Frameworks/GLUT.framework; sourceTree = SDKROOT; };
		131786722F8A736764435008 /* StereoView.h */ = {isa = PBXFileReference; fileEncoding = 4; lastKnownFileType = sourcecode.c.h; path = StereoView.h; sourceTree = "<group>"; };
		131786939C4940B2128AE628 /* StereoPair.cpp */ = {isa = PBXFileReference; fileEncoding = 4; lastKnownFileType = sourcecode.cpp.cpp; path = StereoPair.cpp; sourceTree = "<group>"; };
		131786E4060C927C1F7DDAAB /* libopencv_legacy.2.4.10.dylib */ = {isa = PBXFileReference; lastKnownFileType = "compiled.mach-o.dylib"; name = libopencv_legacy.2.4.10.dylib; path = /usr/local/lib/libopencv_legacy.2.4.10.dylib; sourceTree = "<absolute>"; };
		13178730B6E18F8E21A60507 /* im0.png */ = {isa = PBXFileReference; lastKnownFileType = image.png; path = im0.png; sourceTree = "<group>"; };
		1317889B587AD04177801256 /* libopencv_ocl.2.4.10.dylib */ = {isa = PBXFileReference; lastKnownFileType = "compiled.mach-o.dylib"; name = libopencv_ocl.2.4.10.dylib; path = /usr/local/lib/libopencv_ocl.2.4.10.dylib; sourceTree = "<absolute>"; };
		13178B97773EF35D25C593D3 /* libopencv_ml.2.4.10.dylib */ = {isa = PBXFileReference; lastKnownFileType = "compiled.mach-o.dylib"; name = libopencv_ml.2.4.10.dylib; path = /usr/local/lib/libopencv_ml.2.4.10.dylib; sourceTree = "<absolute>"; };
		13178CCBAA30001C751223B3 /* OpenGL.framework */ = {isa = PBXFileReference; lastKnownFileType = wrapper.framework; name = OpenGL.framework; path = System/Library/Frameworks/OpenGL.framework; sourceTree = SDKROOT; };
		13178CD83B8D5B0EF2458BFC /* libopencv_features2d.2.4.10.dylib */ = {isa = PBXFileReference; lastKnownFileType = "compiled.mach-o.dylib"; name = libopencv_features2d.2.4.10.dylib; path = /usr/local/lib/libopencv_features2d.2.4.10.dylib; sourceTree = "<absolute>"; };
		13178DCD03BB7159206986F6 /* libopencv_objdetect.2.4.10.dylib */ = {isa = PBXFileReference; lastKnownFileType = "compiled.mach-o.dylib"; name = libopencv_objdetect.2.4.10.dylib; path = /usr/local/lib/libopencv_objdetect.2.4.10.dylib; sourceTree = "<absolute>"; };
		13178DD2A7CD00B16EEFD20D /* libopencv_nonfree.2.4.10.dylib */ = {isa = PBXFileReference; lastKnownFileType = "compiled.mach-o.dylib"; name = libopencv_nonfree.2.4.10.dylib; path = /usr/local/lib/libopencv_nonfree.2.4.10.dylib; sourceTree = "<absolute>"; };
		13178DDF9AB9B32C80D88A39 /* libopencv_calib3d.2.4.10.dylib */ = {isa = PBXFileReference; lastKnownFileType = "compiled.mach-o.dylib"; name = libopencv_calib3d.2.4.10.dylib; path = /usr/local/lib/libopencv_calib3d.2.4.10.dylib; sourceTree = "<absolute>"; };
		13178DE3AC4F3B46CCEEE552 /* libopencv_highgui.2.4.10.dylib */ = {isa = PBXFileReference; lastKnownFileType = "compiled.mach-o.dylib"; name = libopencv_highgui.2.4.10.dylib; path = /usr/local/lib/libopencv_highgui.2.4.10.dylib; sourceTree = "<absolute>"; };
		13178DFBA602B97C882BC776 /* PointCloud.cpp */ = {isa = PBXFileReference; fileEncoding = 4; lastKnownFileType = sourcecode.cpp.cpp; path = PointCloud.cpp; sourceTree = "<group>"; };
		13178E209C6AFA68A3B84F16 /* calib */ = {isa = PBXFileReference; fileEncoding = 4; lastKnownFileType = text; path = calib; sourceTree = "<group>"; };
		13178EEAFBBAF41B54A9DA39 /* im1.png */ = {isa = PBXFileReference; lastKnownFileType = image.png; path = im1.png; sourceTree = "<group>"; };
		13178FC35CEBB91562CC7838 /* StereoPair.h */ = {isa = PBXFileReference; fileEncoding = 4; lastKnownFileType = sourcecode.c.h; path = StereoPair.h; sourceTree = "<group>"; };
		B510BB3F1A81F61A0062920A /* libglfw3.a */ = {isa = PBXFileReference; lastKnownFileType = archive.ar; name = libglfw3.a; path = ../../../../../usr/local/lib/libglfw3.a; sourceTree = "<group>"; };
		B59097961A285CAB00F4DABB /* Stereo Vision */ = {isa = PBXFileReference; explicitFileType = "compiled.mach-o.executable"; includeInIndex = 0; path = "Stereo Vision"; sourceTree = BUILT_PRODUCTS_DIR; };
		B59097991A285CAB00F4DABB /* main.cpp */ = {isa = PBXFileReference; lastKnownFileType = sourcecode.cpp.cpp; path = main.cpp; sourceTree = "<group>"; };
		B5E80F171A81F7BE00177B61 /* Cocoa.framework */ = {isa = PBXFileReference; lastKnownFileType = wrapper.framework; name = Cocoa.framework; path = System/Library/Frameworks/Cocoa.framework; sourceTree = SDKROOT; };
		B5E80F191A81F7DA00177B61 /* IOKit.framework */ = {isa = PBXFileReference; lastKnownFileType = wrapper.framework; name = IOKit.framework; path = System/Library/Frameworks/IOKit.framework; sourceTree = SDKROOT; };
		B5E80F1B1A81F7EA00177B61 /* CoreVideo.framework */ = {isa = PBXFileReference; lastKnownFileType = wrapper.framework; name = CoreVideo.framework; path = System/Library/Frameworks/CoreVideo.framework; sourceTree = SDKROOT; };
		B5F1457D1A2F061700C8AFE5 /* MonoView.cpp */ = {isa = PBXFileReference; fileEncoding = 4; lastKnownFileType = sourcecode.cpp.cpp; path = MonoView.cpp; sourceTree = "<group>"; };
		B5F1457E1A2F061700C8AFE5 /* MonoView.h */ = {isa = PBXFileReference; fileEncoding = 4; lastKnownFileType = sourcecode.c.h; path = MonoView.h; sourceTree = "<group>"; };
		B5FD3D761A823F6900F17E53 /* libGLEW.1.11.0.dylib */ = {isa = PBXFileReference; lastKnownFileType = "compiled.mach-o.dylib"; name = libGLEW.1.11.0.dylib; path = ../../../../../usr/local/Cellar/glew/1.11.0/lib/libGLEW.1.11.0.dylib; sourceTree = "<group>"; };
		B5FD3D771A823F6900F17E53 /* libGLEW.a */ = {isa = PBXFileReference; lastKnownFileType = archive.ar; name = libGLEW.a; path = ../../../../../usr/local/Cellar/glew/1.11.0/lib/libGLEW.a; sourceTree = "<group>"; };
		B5FD3D781A823F6900F17E53 /* libGLEWmx.1.11.0.dylib */ = {isa = PBXFileReference; lastKnownFileType = "compiled.mach-o.dylib"; name = libGLEWmx.1.11.0.dylib; path = ../../../../../usr/local/Cellar/glew/1.11.0/lib/libGLEWmx.1.11.0.dylib; sourceTree = "<group>"; };
		B5FD3D791A823F6900F17E53 /* libGLEWmx.a */ = {isa = PBXFileReference; lastKnownFileType = archive.ar; name = libGLEWmx.a; path = ../../../../../usr/local/Cellar/glew/1.11.0/lib/libGLEWmx.a; sourceTree = "<group>"; };
/* End PBXFileReference section */

/* Begin PBXFrameworksBuildPhase section */
		B59097931A285CAB00F4DABB /* Frameworks */ = {
			isa = PBXFrameworksBuildPhase;
			buildActionMask = 2147483647;
			files = (
				B5FD3D7B1A823F6900F17E53 /* libGLEW.a in Frameworks */,
				B5FD3D7D1A823F6900F17E53 /* libGLEWmx.a in Frameworks */,
				B510BB401A81F61A0062920A /* libglfw3.a in Frameworks */,
				B5E80F181A81F7BE00177B61 /* Cocoa.framework in Frameworks */,
				B5E80F1A1A81F7DA00177B61 /* IOKit.framework in Frameworks */,
				B5E80F1C1A81F7EA00177B61 /* CoreVideo.framework in Frameworks */,
				B510BB3E1A81F5F70062920A /* GLUT.framework in Frameworks */,
				13178499AA020BBACBFD8903 /* OpenGL.framework in Frameworks */,
				B5FD3D7A1A823F6900F17E53 /* libGLEW.1.11.0.dylib in Frameworks */,
				B5FD3D7C1A823F6900F17E53 /* libGLEWmx.1.11.0.dylib in Frameworks */,
				13178893DEF0452587F8DEC3 /* libopencv_calib3d.2.4.10.dylib in Frameworks */,
				131788F2FCAA8EB4D0F0F535 /* libopencv_contrib.2.4.10.dylib in Frameworks */,
				1317842E47CF875C7596B35F /* libopencv_core.2.4.10.dylib in Frameworks */,
				1317823699B4924F20DB96E7 /* libopencv_features2d.2.4.10.dylib in Frameworks */,
				13178C60A609B1E915F670ED /* libopencv_flann.2.4.10.dylib in Frameworks */,
				13178877846007063140D81C /* libopencv_highgui.2.4.10.dylib in Frameworks */,
				1317828EC813B636CC4A05C6 /* libopencv_imgproc.2.4.10.dylib in Frameworks */,
				131780EDF7B132FA71BACA78 /* libopencv_legacy.2.4.10.dylib in Frameworks */,
				131784ABCD1C43918319B7DF /* libopencv_ml.2.4.10.dylib in Frameworks */,
				13178750EBFA54FB5F717242 /* libopencv_nonfree.2.4.10.dylib in Frameworks */,
				13178D8C3639E8EF623050B1 /* libopencv_objdetect.2.4.10.dylib in Frameworks */,
				131783482EBAE15D3F2655A6 /* libopencv_ocl.2.4.10.dylib in Frameworks */,
				131781ED40A69D444C9B50D5 /* libopencv_photo.2.4.10.dylib in Frameworks */,
				13178BBB8CDE239A5EBC5483 /* libopencv_stitching.2.4.10.dylib in Frameworks */,
			);
			runOnlyForDeploymentPostprocessing = 0;
		};
/* End PBXFrameworksBuildPhase section */

/* Begin PBXGroup section */
		13178195C82B1357577DC7DB /* Assets */ = {
			isa = PBXGroup;
			children = (
				13178E209C6AFA68A3B84F16 /* calib */,
				13178EEAFBBAF41B54A9DA39 /* im1.png */,
				13178730B6E18F8E21A60507 /* im0.png */,
			);
			path = Assets;
			sourceTree = "<group>";
		};
		131784AC785836F9E3CFFC82 /* Frameworks */ = {
			isa = PBXGroup;
			children = (
				B5FD3D761A823F6900F17E53 /* libGLEW.1.11.0.dylib */,
				B5FD3D771A823F6900F17E53 /* libGLEW.a */,
				B5FD3D781A823F6900F17E53 /* libGLEWmx.1.11.0.dylib */,
				B5FD3D791A823F6900F17E53 /* libGLEWmx.a */,
				B5E80F1B1A81F7EA00177B61 /* CoreVideo.framework */,
				B5E80F191A81F7DA00177B61 /* IOKit.framework */,
				B5E80F171A81F7BE00177B61 /* Cocoa.framework */,
				B510BB3F1A81F61A0062920A /* libglfw3.a */,
				13178CCBAA30001C751223B3 /* OpenGL.framework */,
				131786893ED2008DC6CE9F66 /* Dependency */,
				131785FA534E7FA73282C0AE /* GLUT.framework */,
				13178DDF9AB9B32C80D88A39 /* libopencv_calib3d.2.4.10.dylib */,
				1317840ED41B1A943F31F6D5 /* libopencv_contrib.2.4.10.dylib */,
				13178227EE8A5E3FC27FF35E /* libopencv_core.2.4.10.dylib */,
				13178CD83B8D5B0EF2458BFC /* libopencv_features2d.2.4.10.dylib */,
				131784C6537CBE7E4A00DB4E /* libopencv_flann.2.4.10.dylib */,
				13178DE3AC4F3B46CCEEE552 /* libopencv_highgui.2.4.10.dylib */,
				131783C37A4A14149F2FC9F6 /* libopencv_imgproc.2.4.10.dylib */,
				131786E4060C927C1F7DDAAB /* libopencv_legacy.2.4.10.dylib */,
				13178B97773EF35D25C593D3 /* libopencv_ml.2.4.10.dylib */,
				13178DD2A7CD00B16EEFD20D /* libopencv_nonfree.2.4.10.dylib */,
				13178DCD03BB7159206986F6 /* libopencv_objdetect.2.4.10.dylib */,
				1317889B587AD04177801256 /* libopencv_ocl.2.4.10.dylib */,
				1317833EF383620F3946CF5A /* libopencv_photo.2.4.10.dylib */,
				131783D3FC6C60C7354F6422 /* libopencv_stitching.2.4.10.dylib */,
			);
			name = Frameworks;
			sourceTree = "<group>";
		};
		131786893ED2008DC6CE9F66 /* Dependency */ = {
			isa = PBXGroup;
			children = (
			);
			name = Dependency;
			path = "Stereo Vision";
			sourceTree = "<group>";
		};
		13178BFDAD19F8F095FEF25A /* Results */ = {
			isa = PBXGroup;
			children = (
			);
			path = Results;
			sourceTree = "<group>";
		};
		B590978D1A285CAB00F4DABB = {
			isa = PBXGroup;
			children = (
				B59097981A285CAB00F4DABB /* Stereo Vision */,
				B59097971A285CAB00F4DABB /* Products */,
				13178195C82B1357577DC7DB /* Assets */,
				13178BFDAD19F8F095FEF25A /* Results */,
				131784AC785836F9E3CFFC82 /* Frameworks */,
			);
			sourceTree = "<group>";
		};
		B59097971A285CAB00F4DABB /* Products */ = {
			isa = PBXGroup;
			children = (
				B59097961A285CAB00F4DABB /* Stereo Vision */,
			);
			name = Products;
			sourceTree = "<group>";
		};
		B59097981A285CAB00F4DABB /* Stereo Vision */ = {
			isa = PBXGroup;
			children = (
				B59097991A285CAB00F4DABB /* main.cpp */,
				B5F1457D1A2F061700C8AFE5 /* MonoView.cpp */,
				B5F1457E1A2F061700C8AFE5 /* MonoView.h */,
				1317812248BE5E7F7ED20634 /* sv.h */,
				131786939C4940B2128AE628 /* StereoPair.cpp */,
				13178FC35CEBB91562CC7838 /* StereoPair.h */,
				13178DFBA602B97C882BC776 /* PointCloud.cpp */,
				131784F7015BBC55FA2A6B79 /* PointCloud.h */,
				1317800514EAA199A7935FAE /* StereoView.cpp */,
				131786722F8A736764435008 /* StereoView.h */,
			);
			path = "Stereo Vision";
			sourceTree = "<group>";
		};
/* End PBXGroup section */

/* Begin PBXNativeTarget section */
		B59097951A285CAB00F4DABB /* Stereo Vision */ = {
			isa = PBXNativeTarget;
			buildConfigurationList = B590979D1A285CAB00F4DABB /* Build configuration list for PBXNativeTarget "Stereo Vision" */;
			buildPhases = (
				B59097921A285CAB00F4DABB /* Sources */,
				B59097931A285CAB00F4DABB /* Frameworks */,
				B59097941A285CAB00F4DABB /* CopyFiles */,
			);
			buildRules = (
			);
			dependencies = (
			);
			name = "Stereo Vision";
			productName = "Stereo Vision";
			productReference = B59097961A285CAB00F4DABB /* Stereo Vision */;
			productType = "com.apple.product-type.tool";
		};
/* End PBXNativeTarget section */

/* Begin PBXProject section */
		B590978E1A285CAB00F4DABB /* Project object */ = {
			isa = PBXProject;
			attributes = {
				LastUpgradeCheck = 0610;
				ORGANIZATIONNAME = PKU;
				TargetAttributes = {
					B59097951A285CAB00F4DABB = {
						CreatedOnToolsVersion = 6.1;
					};
				};
			};
			buildConfigurationList = B59097911A285CAB00F4DABB /* Build configuration list for PBXProject "Stereo Vision" */;
			compatibilityVersion = "Xcode 3.2";
			developmentRegion = English;
			hasScannedForEncodings = 0;
			knownRegions = (
				en,
			);
			mainGroup = B590978D1A285CAB00F4DABB;
			productRefGroup = B59097971A285CAB00F4DABB /* Products */;
			projectDirPath = "";
			projectRoot = "";
			targets = (
				B59097951A285CAB00F4DABB /* Stereo Vision */,
			);
		};
/* End PBXProject section */

/* Begin PBXSourcesBuildPhase section */
		B59097921A285CAB00F4DABB /* Sources */ = {
			isa = PBXSourcesBuildPhase;
			buildActionMask = 2147483647;
			files = (
				B5F1457F1A2F061700C8AFE5 /* MonoView.cpp in Sources */,
				B590979A1A285CAB00F4DABB /* main.cpp in Sources */,
				131785CB29C70E4290D269B3 /* StereoPair.cpp in Sources */,
				1317824B866A0D0DC06984E5 /* PointCloud.cpp in Sources */,
				13178EDE688B824EF01A8063 /* StereoView.cpp in Sources */,
			);
			runOnlyForDeploymentPostprocessing = 0;
		};
/* End PBXSourcesBuildPhase section */

/* Begin XCBuildConfiguration section */
		B590979B1A285CAB00F4DABB /* Debug */ = {
			isa = XCBuildConfiguration;
			buildSettings = {
				ALWAYS_SEARCH_USER_PATHS = NO;
				CLANG_CXX_LANGUAGE_STANDARD = "gnu++0x";
				CLANG_CXX_LIBRARY = "libc++";
				CLANG_ENABLE_MODULES = YES;
				CLANG_ENABLE_OBJC_ARC = YES;
				CLANG_WARN_BOOL_CONVERSION = YES;
				CLANG_WARN_CONSTANT_CONVERSION = YES;
				CLANG_WARN_DIRECT_OBJC_ISA_USAGE = YES_ERROR;
				CLANG_WARN_EMPTY_BODY = YES;
				CLANG_WARN_ENUM_CONVERSION = YES;
				CLANG_WARN_INT_CONVERSION = YES;
				CLANG_WARN_OBJC_ROOT_CLASS = YES_ERROR;
				CLANG_WARN_UNREACHABLE_CODE = YES;
				CLANG_WARN__DUPLICATE_METHOD_MATCH = YES;
				COPY_PHASE_STRIP = NO;
				ENABLE_STRICT_OBJC_MSGSEND = YES;
				GCC_C_LANGUAGE_STANDARD = gnu99;
				GCC_DYNAMIC_NO_PIC = NO;
				GCC_OPTIMIZATION_LEVEL = 0;
				GCC_PREPROCESSOR_DEFINITIONS = (
					"DEBUG=1",
					"$(inherited)",
				);
				GCC_SYMBOLS_PRIVATE_EXTERN = NO;
				GCC_WARN_64_TO_32_BIT_CONVERSION = YES;
				GCC_WARN_ABOUT_RETURN_TYPE = YES_ERROR;
				GCC_WARN_UNDECLARED_SELECTOR = YES;
				GCC_WARN_UNINITIALIZED_AUTOS = YES_AGGRESSIVE;
				GCC_WARN_UNUSED_FUNCTION = YES;
				GCC_WARN_UNUSED_VARIABLE = YES;
				MACOSX_DEPLOYMENT_TARGET = 10.9;
				MTL_ENABLE_DEBUG_INFO = YES;
				ONLY_ACTIVE_ARCH = YES;
				SDKROOT = macosx;
			};
			name = Debug;
		};
		B590979C1A285CAB00F4DABB /* Release */ = {
			isa = XCBuildConfiguration;
			buildSettings = {
				ALWAYS_SEARCH_USER_PATHS = NO;
				CLANG_CXX_LANGUAGE_STANDARD = "gnu++0x";
				CLANG_CXX_LIBRARY = "libc++";
				CLANG_ENABLE_MODULES = YES;
				CLANG_ENABLE_OBJC_ARC = YES;
				CLANG_WARN_BOOL_CONVERSION = YES;
				CLANG_WARN_CONSTANT_CONVERSION = YES;
				CLANG_WARN_DIRECT_OBJC_ISA_USAGE = YES_ERROR;
				CLANG_WARN_EMPTY_BODY = YES;
				CLANG_WARN_ENUM_CONVERSION = YES;
				CLANG_WARN_INT_CONVERSION = YES;
				CLANG_WARN_OBJC_ROOT_CLASS = YES_ERROR;
				CLANG_WARN_UNREACHABLE_CODE = YES;
				CLANG_WARN__DUPLICATE_METHOD_MATCH = YES;
				COPY_PHASE_STRIP = YES;
				DEBUG_INFORMATION_FORMAT = "dwarf-with-dsym";
				ENABLE_NS_ASSERTIONS = NO;
				ENABLE_STRICT_OBJC_MSGSEND = YES;
				GCC_C_LANGUAGE_STANDARD = gnu99;
				GCC_WARN_64_TO_32_BIT_CONVERSION = YES;
				GCC_WARN_ABOUT_RETURN_TYPE = YES_ERROR;
				GCC_WARN_UNDECLARED_SELECTOR = YES;
				GCC_WARN_UNINITIALIZED_AUTOS = YES_AGGRESSIVE;
				GCC_WARN_UNUSED_FUNCTION = YES;
				GCC_WARN_UNUSED_VARIABLE = YES;
				MACOSX_DEPLOYMENT_TARGET = 10.9;
				MTL_ENABLE_DEBUG_INFO = NO;
				SDKROOT = macosx;
			};
			name = Release;
		};
		B590979E1A285CAB00F4DABB /* Debug */ = {
			isa = XCBuildConfiguration;
			buildSettings = {
				FRAMEWORK_SEARCH_PATHS = /usr/local/lib;
				HEADER_SEARCH_PATHS = (
					"\"$(inherited)\"",
					/Applications/Xcode.app/Contents/Developer/Toolchains/XcodeDefault.xctoolchain/usr/include,
					/usr/local/include,
					/usr/local/include/opencv2,
					/usr/local/include/opencv,
					/usr/local/include/GLFW,
					/usr/local/Cellar/glew/1.11.0/include,
				);
				LIBRARY_SEARCH_PATHS = (
					/usr/local/lib,
					/usr/local/Cellar/glew/1.11.0/lib,
				);
				PRODUCT_NAME = "$(TARGET_NAME)";
			};
			name = Debug;
		};
		B590979F1A285CAB00F4DABB /* Release */ = {
			isa = XCBuildConfiguration;
			buildSettings = {
				FRAMEWORK_SEARCH_PATHS = /usr/local/lib;
				HEADER_SEARCH_PATHS = (
					"\"$(inherited)\"",
					/Applications/Xcode.app/Contents/Developer/Toolchains/XcodeDefault.xctoolchain/usr/include,
					/usr/local/include,
					/usr/local/include/opencv2,
					/usr/local/include/opencv,
					/usr/local/include/GLFW,
					/usr/local/Cellar/glew/1.11.0/include,
				);
				LIBRARY_SEARCH_PATHS = (
					/usr/local/lib,
					/usr/local/Cellar/glew/1.11.0/lib,
				);
				PRODUCT_NAME = "$(TARGET_NAME)";
			};
			name = Release;
		};
/* End XCBuildConfiguration section */

/* Begin XCConfigurationList section */
		B59097911A285CAB00F4DABB /* Build configuration list for PBXProject "Stereo Vision" */ = {
			isa = XCConfigurationList;
			buildConfigurations = (
				B590979B1A285CAB00F4DABB /* Debug */,
				B590979C1A285CAB00F4DABB /* Release */,
			);
			defaultConfigurationIsVisible = 0;
			defaultConfigurationName = Release;
		};
		B590979D1A285CAB00F4DABB /* Build configuration list for PBXNativeTarget "Stereo Vision" */ = {
			isa = XCConfigurationList;
			buildConfigurations = (
				B590979E1A285CAB00F4DABB /* Debug */,
				B590979F1A285CAB00F4DABB /* Release */,
			);
			defaultConfigurationIsVisible = 0;
			defaultConfigurationName = Release;
		};
/* End XCConfigurationList section */
	};
	rootObject = B590978E1A285CAB00F4DABB /* Project object */;
}
